
Microsoft Visual Studio Solution File, Format Version 12.00
# Visual Studio 2015
Project("{FAE04EC0-301F-11D3-BF4B-00C04F79EFBC}") = "UGUI_CenterOnChild.CSharp", "UGUI_CenterOnChild.CSharp.csproj", "{8208B3AE-F399-1BC3-CB71-4114F3D7BB2A}"
EndProject
Global
	GlobalSection(SolutionConfigurationPlatforms) = preSolution
		Debug|Any CPU = Debug|Any CPU
		Release|Any CPU = Release|Any CPU
	EndGlobalSection
	GlobalSection(ProjectConfigurationPlatforms) = postSolution
		{8208B3AE-F399-1BC3-CB71-4114F3D7BB2A}.Debug|Any CPU.ActiveCfg = Debug|Any CPU
		{8208B3AE-F399-1BC3-CB71-4114F3D7BB2A}.Debug|Any CPU.Build.0 = Debug|Any CPU
		{8208B3AE-F399-1BC3-CB71-4114F3D7BB2A}.Release|Any CPU.ActiveCfg = Release|Any CPU
		{8208B3AE-F399-1BC3-CB71-4114F3D7BB2A}.Release|Any CPU.Build.0 = Release|Any CPU
	EndGlobalSection
	GlobalSection(SolutionProperties) = preSolution
		HideSolutionNode = FALSE
	EndGlobalSection
EndGlobal
